# This is a Gradle generated file for dependency locking.
# Manual edits can break the build and are not advised.
# This file is expected to be part of source control.
androidx.activity:activity-ktx:1.8.1=grafanaDebugLintChecksClasspath,grafanaDebugRuntimeClasspath,grafanaDebugUnitTestRuntimeClasspath,grafanaReleaseLintChecksClasspath,grafanaReleaseRuntimeClasspath,upstreamDebugRuntimeClasspath,upstreamReleaseLintChecksClasspath,upstreamReleaseRuntimeClasspath
androidx.activity:activity:1.8.1=grafanaDebugLintChecksClasspath,grafanaDebugRuntimeClasspath,grafanaDebugUnitTestRuntimeClasspath,grafanaReleaseLintChecksClasspath,grafanaReleaseRuntimeClasspath,upstreamDebugRuntimeClasspath,upstreamReleaseLintChecksClasspath,upstreamReleaseRuntimeClasspath
androidx.annotation:annotation-experimental:1.4.1=grafanaDebugLintChecksClasspath,grafanaDebugRuntimeClasspath,grafanaDebugUnitTestRuntimeClasspath,grafanaReleaseLintChecksClasspath,grafanaReleaseRuntimeClasspath,upstreamDebugRuntimeClasspath,upstreamReleaseLintChecksClasspath,upstreamReleaseRuntimeClasspath
androidx.annotation:annotation-jvm:1.10.0=grafanaDebugLintChecksClasspath,grafanaDebugRuntimeClasspath,grafanaDebugUnitTestRuntimeClasspath,grafanaReleaseLintChecksClasspath,grafanaReleaseRuntimeClasspath,upstreamDebugRuntimeClasspath,upstreamReleaseLintChecksClasspath,upstreamReleaseRuntimeClasspath
androidx.annotation:annotation:1.10.0=grafanaDebugLintChecksClasspath,grafanaDebugRuntimeClasspath,grafanaDebugUnitTestRuntimeClasspath,grafanaReleaseLintChecksClasspath,grafanaReleaseRuntimeClasspath,upstreamDebugRuntimeClasspath,upstreamReleaseLintChecksClasspath,upstreamReleaseRuntimeClasspath
androidx.arch.core:core-common:2.2.0=grafanaDebugLintChecksClasspath,grafanaDebugRuntimeClasspath,grafanaDebugUnitTestRuntimeClasspath,grafanaReleaseLintChecksClasspath,grafanaReleaseRuntimeClasspath,upstreamDebugRuntimeClasspath,upstreamReleaseLintChecksClasspath,upstreamReleaseRuntimeClasspath
androidx.arch.core:core-runtime:2.2.0=grafanaDebugLintChecksClasspath,grafanaDebugRuntimeClasspath,grafanaDebugUnitTestRuntimeClasspath,grafanaReleaseLintChecksClasspath,grafanaReleaseRuntimeClasspath,upstreamDebugRuntimeClasspath,upstreamReleaseLintChecksClasspath,upstreamReleaseRuntimeClasspath
androidx.collection:collection-jvm:1.6.0=grafanaDebugLintChecksClasspath,grafanaDebugRuntimeClasspath,grafanaDebugUnitTestRuntimeClasspath,grafanaReleaseLintChecksClasspath,grafanaReleaseRuntimeClasspath,upstreamDebugRuntimeClasspath,upstreamReleaseLintChecksClasspath,upstreamReleaseRuntimeClasspath
androidx.collection:collection-ktx:1.6.0=grafanaDebugLintChecksClasspath,grafanaDebugRuntimeClasspath,grafanaDebugUnitTestRuntimeClasspath,grafanaReleaseLintChecksClasspath,grafanaReleaseRuntimeClasspath,upstreamDebugRuntimeClasspath,upstreamReleaseLintChecksClasspath,upstreamReleaseRuntimeClasspath
androidx.collection:collection:1.6.0=grafanaDebugLintChecksClasspath,grafanaDebugRuntimeClasspath,grafanaDebugUnitTestRuntimeClasspath,grafanaReleaseLintChecksClasspath,grafanaReleaseRuntimeClasspath,upstreamDebugRuntimeClasspath,upstreamReleaseLintChecksClasspath,upstreamReleaseRuntimeClasspath
androidx.concurrent:concurrent-futures:1.1.0=grafanaDebugLintChecksClasspath,grafanaDebugRuntimeClasspath,grafanaDebugUnitTestRuntimeClasspath,grafanaReleaseLintChecksClasspath,grafanaReleaseRuntimeClasspath,upstreamDebugRuntimeClasspath,upstreamReleaseLintChecksClasspath,upstreamReleaseRuntimeClasspath
androidx.core:core-ktx:1.19.0=grafanaDebugLintChecksClasspath,grafanaDebugRuntimeClasspath,grafanaDebugUnitTestRuntimeClasspath,grafanaReleaseLintChecksClasspath,grafanaReleaseRuntimeClasspath,upstreamDebugRuntimeClasspath,upstreamReleaseLintChecksClasspath,upstreamReleaseRuntimeClasspath
androidx.core:core-viewtree:1.0.0=grafanaDebugLintChecksClasspath,grafanaDebugRuntimeClasspath,grafanaDebugUnitTestRuntimeClasspath,grafanaReleaseLintChecksClasspath,grafanaReleaseRuntimeClasspath,upstreamDebugRuntimeClasspath,upstreamReleaseLintChecksClasspath,upstreamReleaseRuntimeClasspath
androidx.core:core:1.19.0=grafanaDebugLintChecksClasspath,grafanaDebugRuntimeClasspath,grafanaDebugUnitTestRuntimeClasspath,grafanaReleaseLintChecksClasspath,grafanaReleaseRuntimeClasspath,upstreamDebugRuntimeClasspath,upstreamReleaseLintChecksClasspath,upstreamReleaseRuntimeClasspath
androidx.customview:customview:1.1.0=grafanaDebugLintChecksClasspath,grafanaDebugRuntimeClasspath,grafanaDebugUnitTestRuntimeClasspath,grafanaReleaseLintChecksClasspath,grafanaReleaseRuntimeClasspath,upstreamDebugRuntimeClasspath,upstreamReleaseLintChecksClasspath,upstreamReleaseRuntimeClasspath
androidx.fragment:fragment-ktx:1.9.0=grafanaDebugLintChecksClasspath,grafanaDebugRuntimeClasspath,grafanaDebugUnitTestRuntimeClasspath,grafanaReleaseLintChecksClasspath,grafanaReleaseRuntimeClasspath,upstreamDebugRuntimeClasspath,upstreamReleaseLintChecksClasspath,upstreamReleaseRuntimeClasspath
androidx.fragment:fragment:1.9.0=grafanaDebugLintChecksClasspath,grafanaDebugRuntimeClasspath,grafanaDebugUnitTestRuntimeClasspath,grafanaReleaseLintChecksClasspath,grafanaReleaseRuntimeClasspath,upstreamDebugRuntimeClasspath,upstreamReleaseLintChecksClasspath,upstreamReleaseRuntimeClasspath
androidx.interpolator:interpolator:1.0.0=grafanaDebugLintChecksClasspath,grafanaDebugRuntimeClasspath,grafanaDebugUnitTestRuntimeClasspath,grafanaReleaseLintChecksClasspath,grafanaReleaseRuntimeClasspath,upstreamDebugRuntimeClasspath,upstreamReleaseLintChecksClasspath,upstreamReleaseRuntimeClasspath
androidx.lifecycle:lifecycle-common-jvm:2.11.0=grafanaDebugLintChecksClasspath,grafanaDebugRuntimeClasspath,grafanaDebugUnitTestRuntimeClasspath,grafanaReleaseLintChecksClasspath,grafanaReleaseRuntimeClasspath,upstreamDebugRuntimeClasspath,upstreamReleaseLintChecksClasspath,upstreamReleaseRuntimeClasspath
androidx.lifecycle:lifecycle-common:2.11.0=grafanaDebugLintChecksClasspath,grafanaDebugRuntimeClasspath,grafanaDebugUnitTestRuntimeClasspath,grafanaReleaseLintChecksClasspath,grafanaReleaseRuntimeClasspath,upstreamDebugRuntimeClasspath,upstreamReleaseLintChecksClasspath,upstreamReleaseRuntimeClasspath
androidx.lifecycle:lifecycle-livedata-core-ktx:2.11.0=grafanaDebugLintChecksClasspath,grafanaDebugRuntimeClasspath,grafanaDebugUnitTestRuntimeClasspath,grafanaReleaseLintChecksClasspath,grafanaReleaseRuntimeClasspath,upstreamDebugRuntimeClasspath,upstreamReleaseLintChecksClasspath,upstreamReleaseRuntimeClasspath
androidx.lifecycle:lifecycle-livedata-core:2.11.0=grafanaDebugLintChecksClasspath,grafanaDebugRuntimeClasspath,grafanaDebugUnitTestRuntimeClasspath,grafanaReleaseLintChecksClasspath,grafanaReleaseRuntimeClasspath,upstreamDebugRuntimeClasspath,upstreamReleaseLintChecksClasspath,upstreamReleaseRuntimeClasspath
androidx.lifecycle:lifecycle-livedata:2.11.0=grafanaDebugLintChecksClasspath,grafanaDebugRuntimeClasspath,grafanaDebugUnitTestRuntimeClasspath,grafanaReleaseLintChecksClasspath,grafanaReleaseRuntimeClasspath,upstreamDebugRuntimeClasspath,upstreamReleaseLintChecksClasspath,upstreamReleaseRuntimeClasspath
androidx.lifecycle:lifecycle-process:2.11.0=grafanaDebugLintChecksClasspath,grafanaDebugRuntimeClasspath,grafanaDebugUnitTestRuntimeClasspath,grafanaReleaseLintChecksClasspath,grafanaReleaseRuntimeClasspath,upstreamDebugRuntimeClasspath,upstreamReleaseLintChecksClasspath,upstreamReleaseRuntimeClasspath
androidx.lifecycle:lifecycle-runtime-android:2.11.0=grafanaDebugLintChecksClasspath,grafanaDebugRuntimeClasspath,grafanaDebugUnitTestRuntimeClasspath,grafanaReleaseLintChecksClasspath,grafanaReleaseRuntimeClasspath,upstreamDebugRuntimeClasspath,upstreamReleaseLintChecksClasspath,upstreamReleaseRuntimeClasspath
androidx.lifecycle:lifecycle-runtime-ktx-android:2.11.0=grafanaDebugLintChecksClasspath,grafanaDebugRuntimeClasspath,grafanaDebugUnitTestRuntimeClasspath,grafanaReleaseLintChecksClasspath,grafanaReleaseRuntimeClasspath,upstreamDebugRuntimeClasspath,upstreamReleaseLintChecksClasspath,upstreamReleaseRuntimeClasspath
androidx.lifecycle:lifecycle-runtime-ktx:2.11.0=grafanaDebugLintChecksClasspath,grafanaDebugRuntimeClasspath,grafanaDebugUnitTestRuntimeClasspath,grafanaReleaseLintChecksClasspath,grafanaReleaseRuntimeClasspath,upstreamDebugRuntimeClasspath,upstreamReleaseLintChecksClasspath,upstreamReleaseRuntimeClasspath
androidx.lifecycle:lifecycle-runtime:2.11.0=grafanaDebugLintChecksClasspath,grafanaDebugRuntimeClasspath,grafanaDebugUnitTestRuntimeClasspath,grafanaReleaseLintChecksClasspath,grafanaReleaseRuntimeClasspath,upstreamDebugRuntimeClasspath,upstreamReleaseLintChecksClasspath,upstreamReleaseRuntimeClasspath
androidx.lifecycle:lifecycle-viewmodel-android:2.11.0=grafanaDebugLintChecksClasspath,grafanaDebugRuntimeClasspath,grafanaDebugUnitTestRuntimeClasspath,grafanaReleaseLintChecksClasspath,grafanaReleaseRuntimeClasspath,upstreamDebugRuntimeClasspath,upstreamReleaseLintChecksClasspath,upstreamReleaseRuntimeClasspath
androidx.lifecycle:lifecycle-viewmodel-ktx:2.11.0=grafanaDebugLintChecksClasspath,grafanaDebugRuntimeClasspath,grafanaDebugUnitTestRuntimeClasspath,grafanaReleaseLintChecksClasspath,grafanaReleaseRuntimeClasspath,upstreamDebugRuntimeClasspath,upstreamReleaseLintChecksClasspath,upstreamReleaseRuntimeClasspath
androidx.lifecycle:lifecycle-viewmodel-savedstate-android:2.11.0=grafanaDebugLintChecksClasspath,grafanaDebugRuntimeClasspath,grafanaDebugUnitTestRuntimeClasspath,grafanaReleaseLintChecksClasspath,grafanaReleaseRuntimeClasspath,upstreamDebugRuntimeClasspath,upstreamReleaseLintChecksClasspath,upstreamReleaseRuntimeClasspath
androidx.lifecycle:lifecycle-viewmodel-savedstate:2.11.0=grafanaDebugLintChecksClasspath,grafanaDebugRuntimeClasspath,grafanaDebugUnitTestRuntimeClasspath,grafanaReleaseLintChecksClasspath,grafanaReleaseRuntimeClasspath,upstreamDebugRuntimeClasspath,upstreamReleaseLintChecksClasspath,upstreamReleaseRuntimeClasspath
androidx.lifecycle:lifecycle-viewmodel:2.11.0=grafanaDebugLintChecksClasspath,grafanaDebugRuntimeClasspath,grafanaDebugUnitTestRuntimeClasspath,grafanaReleaseLintChecksClasspath,grafanaReleaseRuntimeClasspath,upstreamDebugRuntimeClasspath,upstreamReleaseLintChecksClasspath,upstreamReleaseRuntimeClasspath
androidx.loader:loader:1.0.0=grafanaDebugLintChecksClasspath,grafanaDebugRuntimeClasspath,grafanaDebugUnitTestRuntimeClasspath,grafanaReleaseLintChecksClasspath,grafanaReleaseRuntimeClasspath,upstreamDebugRuntimeClasspath,upstreamReleaseLintChecksClasspath,upstreamReleaseRuntimeClasspath
androidx.navigation:navigation-common-ktx:2.7.7=grafanaDebugLintChecksClasspath,grafanaDebugRuntimeClasspath,grafanaDebugUnitTestRuntimeClasspath,grafanaReleaseLintChecksClasspath,grafanaReleaseRuntimeClasspath,upstreamDebugRuntimeClasspath,upstreamReleaseLintChecksClasspath,upstreamReleaseRuntimeClasspath
androidx.navigation:navigation-common:2.7.7=grafanaDebugLintChecksClasspath,grafanaDebugRuntimeClasspath,grafanaDebugUnitTestRuntimeClasspath,grafanaReleaseLintChecksClasspath,grafanaReleaseRuntimeClasspath,upstreamDebugRuntimeClasspath,upstreamReleaseLintChecksClasspath,upstreamReleaseRuntimeClasspath
androidx.navigation:navigation-fragment:2.7.7=grafanaDebugLintChecksClasspath,grafanaDebugRuntimeClasspath,grafanaDebugUnitTestRuntimeClasspath,grafanaReleaseLintChecksClasspath,grafanaReleaseRuntimeClasspath,upstreamDebugRuntimeClasspath,upstreamReleaseLintChecksClasspath,upstreamReleaseRuntimeClasspath
androidx.navigation:navigation-runtime-ktx:2.7.7=grafanaDebugLintChecksClasspath,grafanaDebugRuntimeClasspath,grafanaDebugUnitTestRuntimeClasspath,grafanaReleaseLintChecksClasspath,grafanaReleaseRuntimeClasspath,upstreamDebugRuntimeClasspath,upstreamReleaseLintChecksClasspath,upstreamReleaseRuntimeClasspath
androidx.navigation:navigation-runtime:2.7.7=grafanaDebugLintChecksClasspath,grafanaDebugRuntimeClasspath,grafanaDebugUnitTestRuntimeClasspath,grafanaReleaseLintChecksClasspath,grafanaReleaseRuntimeClasspath,upstreamDebugRuntimeClasspath,upstreamReleaseLintChecksClasspath,upstreamReleaseRuntimeClasspath
androidx.profileinstaller:profileinstaller:1.4.0=grafanaDebugLintChecksClasspath,grafanaDebugRuntimeClasspath,grafanaDebugUnitTestRuntimeClasspath,grafanaReleaseLintChecksClasspath,grafanaReleaseRuntimeClasspath,upstreamDebugRuntimeClasspath,upstreamReleaseLintChecksClasspath,upstreamReleaseRuntimeClasspath
androidx.savedstate:savedstate-android:1.4.0=grafanaDebugLintChecksClasspath,grafanaDebugRuntimeClasspath,grafanaDebugUnitTestRuntimeClasspath,grafanaReleaseLintChecksClasspath,grafanaReleaseRuntimeClasspath,upstreamDebugRuntimeClasspath,upstreamReleaseLintChecksClasspath,upstreamReleaseRuntimeClasspath
androidx.savedstate:savedstate-ktx:1.4.0=grafanaDebugLintChecksClasspath,grafanaDebugRuntimeClasspath,grafanaDebugUnitTestRuntimeClasspath,grafanaReleaseLintChecksClasspath,grafanaReleaseRuntimeClasspath,upstreamDebugRuntimeClasspath,upstreamReleaseLintChecksClasspath,upstreamReleaseRuntimeClasspath
androidx.savedstate:savedstate:1.4.0=grafanaDebugLintChecksClasspath,grafanaDebugRuntimeClasspath,grafanaDebugUnitTestRuntimeClasspath,grafanaReleaseLintChecksClasspath,grafanaReleaseRuntimeClasspath,upstreamDebugRuntimeClasspath,upstreamReleaseLintChecksClasspath,upstreamReleaseRuntimeClasspath
androidx.slidingpanelayout:slidingpanelayout:1.2.0=grafanaDebugLintChecksClasspath,grafanaDebugRuntimeClasspath,grafanaDebugUnitTestRuntimeClasspath,grafanaReleaseLintChecksClasspath,grafanaReleaseRuntimeClasspath,upstreamDebugRuntimeClasspath,upstreamReleaseLintChecksClasspath,upstreamReleaseRuntimeClasspath
androidx.startup:startup-runtime:1.2.0=grafanaDebugLintChecksClasspath,grafanaDebugRuntimeClasspath,grafanaDebugUnitTestRuntimeClasspath,grafanaReleaseLintChecksClasspath,grafanaReleaseRuntimeClasspath,upstreamDebugRuntimeClasspath,upstreamReleaseLintChecksClasspath,upstreamReleaseRuntimeClasspath
androidx.tracing:tracing-android:2.0.0=grafanaDebugLintChecksClasspath,grafanaDebugRuntimeClasspath,grafanaDebugUnitTestRuntimeClasspath,grafanaReleaseLintChecksClasspath,grafanaReleaseRuntimeClasspath,upstreamDebugRuntimeClasspath,upstreamReleaseLintChecksClasspath,upstreamReleaseRuntimeClasspath
androidx.tracing:tracing:2.0.0=grafanaDebugLintChecksClasspath,grafanaDebugRuntimeClasspath,grafanaDebugUnitTestRuntimeClasspath,grafanaReleaseLintChecksClasspath,grafanaReleaseRuntimeClasspath,upstreamDebugRuntimeClasspath,upstreamReleaseLintChecksClasspath,upstreamReleaseRuntimeClasspath
androidx.transition:transition:1.4.1=grafanaDebugLintChecksClasspath,grafanaDebugRuntimeClasspath,grafanaDebugUnitTestRuntimeClasspath,grafanaReleaseLintChecksClasspath,grafanaReleaseRuntimeClasspath,upstreamDebugRuntimeClasspath,upstreamReleaseLintChecksClasspath,upstreamReleaseRuntimeClasspath
androidx.versionedparcelable:versionedparcelable:1.1.1=grafanaDebugLintChecksClasspath,grafanaDebugRuntimeClasspath,grafanaDebugUnitTestRuntimeClasspath,grafanaReleaseLintChecksClasspath,grafanaReleaseRuntimeClasspath,upstreamDebugRuntimeClasspath,upstreamReleaseLintChecksClasspath,upstreamReleaseRuntimeClasspath
androidx.viewpager:viewpager:1.0.0=grafanaDebugLintChecksClasspath,grafanaDebugRuntimeClasspath,grafanaDebugUnitTestRuntimeClasspath,grafanaReleaseLintChecksClasspath,grafanaReleaseRuntimeClasspath,upstreamDebugRuntimeClasspath,upstreamReleaseLintChecksClasspath,upstreamReleaseRuntimeClasspath
androidx.window:window:1.0.0=grafanaDebugLintChecksClasspath,grafanaDebugRuntimeClasspath,grafanaDebugUnitTestRuntimeClasspath,grafanaReleaseLintChecksClasspath,grafanaReleaseRuntimeClasspath,upstreamDebugRuntimeClasspath,upstreamReleaseLintChecksClasspath,upstreamReleaseRuntimeClasspath
com.android.tools:desugar_jdk_libs:2.1.4=coreLibraryDesugaring
com.android.tools:desugar_jdk_libs_configuration:2.1.4=coreLibraryDesugaring
com.google.auto.service:auto-service-annotations:1.1.1=grafanaDebugLintChecksClasspath,grafanaDebugRuntimeClasspath,grafanaDebugUnitTestRuntimeClasspath,grafanaReleaseLintChecksClasspath,grafanaReleaseRuntimeClasspath,upstreamDebugRuntimeClasspath,upstreamReleaseLintChecksClasspath,upstreamReleaseRuntimeClasspath
com.google.code.findbugs:jsr305:3.0.2=grafanaDebugLintChecksClasspath,grafanaDebugRuntimeClasspath,grafanaDebugUnitTestRuntimeClasspath,grafanaReleaseLintChecksClasspath,grafanaReleaseRuntimeClasspath,upstreamDebugRuntimeClasspath,upstreamReleaseLintChecksClasspath,upstreamReleaseRuntimeClasspath
com.google.guava:listenablefuture:1.0=grafanaDebugLintChecksClasspath,grafanaDebugRuntimeClasspath,grafanaDebugUnitTestRuntimeClasspath,grafanaReleaseLintChecksClasspath,grafanaReleaseRuntimeClasspath,upstreamDebugRuntimeClasspath,upstreamReleaseLintChecksClasspath,upstreamReleaseRuntimeClasspath
com.grafana.opentelemetry:android:0.0.0-dev=grafanaDebugAndroidTestCompileClasspath,grafanaDebugCompileClasspath,grafanaDebugLintChecksClasspath,grafanaDebugRuntimeClasspath,grafanaDebugUnitTestCompileClasspath,grafanaDebugUnitTestRuntimeClasspath,grafanaReleaseCompileClasspath,grafanaReleaseLintChecksClasspath,grafanaReleaseRuntimeClasspath
com.squareup.okhttp3:okhttp-android:5.4.0=grafanaDebugLintChecksClasspath,grafanaDebugRuntimeClasspath,grafanaDebugUnitTestRuntimeClasspath,grafanaReleaseLintChecksClasspath,grafanaReleaseRuntimeClasspath,upstreamDebugRuntimeClasspath,upstreamReleaseLintChecksClasspath,upstreamReleaseRuntimeClasspath
com.squareup.okhttp3:okhttp:5.4.0=grafanaDebugLintChecksClasspath,grafanaDebugRuntimeClasspath,grafanaDebugUnitTestRuntimeClasspath,grafanaReleaseLintChecksClasspath,grafanaReleaseRuntimeClasspath,upstreamDebugRuntimeClasspath,upstreamReleaseLintChecksClasspath,upstreamReleaseRuntimeClasspath
com.squareup.okio:okio-jvm:3.17.0=grafanaDebugLintChecksClasspath,grafanaDebugRuntimeClasspath,grafanaDebugUnitTestRuntimeClasspath,grafanaReleaseLintChecksClasspath,grafanaReleaseRuntimeClasspath,upstreamDebugRuntimeClasspath,upstreamReleaseLintChecksClasspath,upstreamReleaseRuntimeClasspath
com.squareup.okio:okio:3.17.0=grafanaDebugLintChecksClasspath,grafanaDebugRuntimeClasspath,grafanaDebugUnitTestRuntimeClasspath,grafanaReleaseLintChecksClasspath,grafanaReleaseRuntimeClasspath,upstreamDebugRuntimeClasspath,upstreamReleaseLintChecksClasspath,upstreamReleaseRuntimeClasspath
com.squareup.wire:wire-runtime-jvm:6.4.5=grafanaDebugLintChecksClasspath,grafanaDebugRuntimeClasspath,grafanaDebugUnitTestRuntimeClasspath,grafanaReleaseLintChecksClasspath,grafanaReleaseRuntimeClasspath,upstreamDebugRuntimeClasspath,upstreamReleaseLintChecksClasspath,upstreamReleaseRuntimeClasspath
com.squareup.wire:wire-runtime:6.4.5=grafanaDebugLintChecksClasspath,grafanaDebugRuntimeClasspath,grafanaDebugUnitTestRuntimeClasspath,grafanaReleaseLintChecksClasspath,grafanaReleaseRuntimeClasspath,upstreamDebugRuntimeClasspath,upstreamReleaseLintChecksClasspath,upstreamReleaseRuntimeClasspath
io.opentelemetry.android.instrumentation:activity:1.7.0-alpha=grafanaDebugLintChecksClasspath,grafanaDebugRuntimeClasspath,grafanaDebugUnitTestRuntimeClasspath,grafanaReleaseLintChecksClasspath,grafanaReleaseRuntimeClasspath,upstreamDebugRuntimeClasspath,upstreamReleaseLintChecksClasspath,upstreamReleaseRuntimeClasspath
io.opentelemetry.android.instrumentation:android-instrumentation:1.7.0=grafanaDebugLintChecksClasspath,grafanaDebugRuntimeClasspath,grafanaDebugUnitTestRuntimeClasspath,grafanaReleaseLintChecksClasspath,grafanaReleaseRuntimeClasspath,upstreamDebugRuntimeClasspath,upstreamReleaseLintChecksClasspath,upstreamReleaseRuntimeClasspath
io.opentelemetry.android.instrumentation:anr:1.7.0-alpha=grafanaDebugLintChecksClasspath,grafanaDebugRuntimeClasspath,grafanaDebugUnitTestRuntimeClasspath,grafanaReleaseLintChecksClasspath,grafanaReleaseRuntimeClasspath,upstreamDebugRuntimeClasspath,upstreamReleaseLintChecksClasspath,upstreamReleaseRuntimeClasspath
io.opentelemetry.android.instrumentation:common-api:1.7.0-alpha=grafanaDebugLintChecksClasspath,grafanaDebugRuntimeClasspath,grafanaDebugUnitTestRuntimeClasspath,grafanaReleaseLintChecksClasspath,grafanaReleaseRuntimeClasspath,upstreamDebugRuntimeClasspath,upstreamReleaseLintChecksClasspath,upstreamReleaseRuntimeClasspath
io.opentelemetry.android.instrumentation:crash:1.7.0-alpha=grafanaDebugLintChecksClasspath,grafanaDebugRuntimeClasspath,grafanaDebugUnitTestRuntimeClasspath,grafanaReleaseLintChecksClasspath,grafanaReleaseRuntimeClasspath,upstreamDebugRuntimeClasspath,upstreamReleaseLintChecksClasspath,upstreamReleaseRuntimeClasspath
io.opentelemetry.android.instrumentation:fragment:1.7.0-alpha=grafanaDebugLintChecksClasspath,grafanaDebugRuntimeClasspath,grafanaDebugUnitTestRuntimeClasspath,grafanaReleaseLintChecksClasspath,grafanaReleaseRuntimeClasspath,upstreamDebugRuntimeClasspath,upstreamReleaseLintChecksClasspath,upstreamReleaseRuntimeClasspath
io.opentelemetry.android.instrumentation:network:1.7.0-alpha=grafanaDebugLintChecksClasspath,grafanaDebugRuntimeClasspath,grafanaDebugUnitTestRuntimeClasspath,grafanaReleaseLintChecksClasspath,grafanaReleaseRuntimeClasspath,upstreamDebugRuntimeClasspath,upstreamReleaseLintChecksClasspath,upstreamReleaseRuntimeClasspath
io.opentelemetry.android.instrumentation:screen-orientation:1.7.0-alpha=grafanaDebugLintChecksClasspath,grafanaDebugRuntimeClasspath,grafanaDebugUnitTestRuntimeClasspath,grafanaReleaseLintChecksClasspath,grafanaReleaseRuntimeClasspath,upstreamDebugRuntimeClasspath,upstreamReleaseLintChecksClasspath,upstreamReleaseRuntimeClasspath
io.opentelemetry.android.instrumentation:sessions:1.7.0-alpha=grafanaDebugLintChecksClasspath,grafanaDebugRuntimeClasspath,grafanaDebugUnitTestRuntimeClasspath,grafanaReleaseLintChecksClasspath,grafanaReleaseRuntimeClasspath,upstreamDebugRuntimeClasspath,upstreamReleaseLintChecksClasspath,upstreamReleaseRuntimeClasspath
io.opentelemetry.android.instrumentation:slowrendering:1.7.0-alpha=grafanaDebugLintChecksClasspath,grafanaDebugRuntimeClasspath,grafanaDebugUnitTestRuntimeClasspath,grafanaReleaseLintChecksClasspath,grafanaReleaseRuntimeClasspath,upstreamDebugRuntimeClasspath,upstreamReleaseLintChecksClasspath,upstreamReleaseRuntimeClasspath
io.opentelemetry.android.instrumentation:startup:1.7.0-alpha=grafanaDebugLintChecksClasspath,grafanaDebugRuntimeClasspath,grafanaDebugUnitTestRuntimeClasspath,grafanaReleaseLintChecksClasspath,grafanaReleaseRuntimeClasspath,upstreamDebugRuntimeClasspath,upstreamReleaseLintChecksClasspath,upstreamReleaseRuntimeClasspath
io.opentelemetry.android:agent-api:1.7.0=grafanaDebugAndroidTestCompileClasspath,grafanaDebugCompileClasspath,grafanaDebugLintChecksClasspath,grafanaDebugRuntimeClasspath,grafanaDebugUnitTestCompileClasspath,grafanaDebugUnitTestRuntimeClasspath,grafanaReleaseCompileClasspath,grafanaReleaseLintChecksClasspath,grafanaReleaseRuntimeClasspath,upstreamDebugCompileClasspath,upstreamDebugRuntimeClasspath,upstreamReleaseCompileClasspath,upstreamReleaseLintChecksClasspath,upstreamReleaseRuntimeClasspath
io.opentelemetry.android:android-agent:1.7.0=grafanaDebugAndroidTestCompileClasspath,grafanaDebugCompileClasspath,grafanaDebugLintChecksClasspath,grafanaDebugRuntimeClasspath,grafanaDebugUnitTestCompileClasspath,grafanaDebugUnitTestRuntimeClasspath,grafanaReleaseCompileClasspath,grafanaReleaseLintChecksClasspath,grafanaReleaseRuntimeClasspath,upstreamDebugCompileClasspath,upstreamDebugRuntimeClasspath,upstreamReleaseCompileClasspath,upstreamReleaseLintChecksClasspath,upstreamReleaseRuntimeClasspath
io.opentelemetry.android:common:1.7.0-alpha=grafanaDebugLintChecksClasspath,grafanaDebugRuntimeClasspath,grafanaDebugUnitTestRuntimeClasspath,grafanaReleaseLintChecksClasspath,grafanaReleaseRuntimeClasspath,upstreamDebugRuntimeClasspath,upstreamReleaseLintChecksClasspath,upstreamReleaseRuntimeClasspath
io.opentelemetry.android:core:1.7.0-alpha=grafanaDebugLintChecksClasspath,grafanaDebugRuntimeClasspath,grafanaDebugUnitTestRuntimeClasspath,grafanaReleaseLintChecksClasspath,grafanaReleaseRuntimeClasspath,upstreamDebugRuntimeClasspath,upstreamReleaseLintChecksClasspath,upstreamReleaseRuntimeClasspath
io.opentelemetry.android:opentelemetry-android-bom:1.7.0-alpha=grafanaDebugAndroidTestCompileClasspath,grafanaDebugCompileClasspath,grafanaDebugLintChecksClasspath,grafanaDebugRuntimeClasspath,grafanaDebugUnitTestCompileClasspath,grafanaDebugUnitTestRuntimeClasspath,grafanaReleaseCompileClasspath,grafanaReleaseLintChecksClasspath,grafanaReleaseRuntimeClasspath,upstreamDebugCompileClasspath,upstreamDebugRuntimeClasspath,upstreamReleaseCompileClasspath,upstreamReleaseLintChecksClasspath,upstreamReleaseRuntimeClasspath
io.opentelemetry.android:semconv:1.7.0-alpha=grafanaDebugLintChecksClasspath,grafanaDebugRuntimeClasspath,grafanaDebugUnitTestRuntimeClasspath,grafanaReleaseLintChecksClasspath,grafanaReleaseRuntimeClasspath,upstreamDebugRuntimeClasspath,upstreamReleaseLintChecksClasspath,upstreamReleaseRuntimeClasspath
io.opentelemetry.android:services:1.7.0-alpha=grafanaDebugLintChecksClasspath,grafanaDebugRuntimeClasspath,grafanaDebugUnitTestRuntimeClasspath,grafanaReleaseLintChecksClasspath,grafanaReleaseRuntimeClasspath,upstreamDebugRuntimeClasspath,upstreamReleaseLintChecksClasspath,upstreamReleaseRuntimeClasspath
io.opentelemetry.android:session:1.7.0=grafanaDebugAndroidTestCompileClasspath,grafanaDebugCompileClasspath,grafanaDebugLintChecksClasspath,grafanaDebugRuntimeClasspath,grafanaDebugUnitTestCompileClasspath,grafanaDebugUnitTestRuntimeClasspath,grafanaReleaseCompileClasspath,grafanaReleaseLintChecksClasspath,grafanaReleaseRuntimeClasspath,upstreamDebugCompileClasspath,upstreamDebugRuntimeClasspath,upstreamReleaseCompileClasspath,upstreamReleaseLintChecksClasspath,upstreamReleaseRuntimeClasspath
io.opentelemetry.contrib:opentelemetry-disk-buffering:1.60.0-alpha=grafanaDebugLintChecksClasspath,grafanaDebugRuntimeClasspath,grafanaDebugUnitTestRuntimeClasspath,grafanaReleaseLintChecksClasspath,grafanaReleaseRuntimeClasspath,upstreamDebugRuntimeClasspath,upstreamReleaseLintChecksClasspath,upstreamReleaseRuntimeClasspath
io.opentelemetry.contrib:opentelemetry-processors:1.60.0-alpha=grafanaDebugLintChecksClasspath,grafanaDebugRuntimeClasspath,grafanaDebugUnitTestRuntimeClasspath,grafanaReleaseLintChecksClasspath,grafanaReleaseRuntimeClasspath,upstreamDebugRuntimeClasspath,upstreamReleaseLintChecksClasspath,upstreamReleaseRuntimeClasspath
io.opentelemetry.instrumentation:opentelemetry-instrumentation-api:2.31.1=grafanaDebugLintChecksClasspath,grafanaDebugRuntimeClasspath,grafanaDebugUnitTestRuntimeClasspath,grafanaReleaseLintChecksClasspath,grafanaReleaseRuntimeClasspath,upstreamDebugRuntimeClasspath,upstreamReleaseLintChecksClasspath,upstreamReleaseRuntimeClasspath
io.opentelemetry.instrumentation:opentelemetry-instrumentation-bom-alpha:2.31.1-alpha=grafanaDebugAndroidTestCompileClasspath,grafanaDebugCompileClasspath,grafanaDebugLintChecksClasspath,grafanaDebugRuntimeClasspath,grafanaDebugUnitTestCompileClasspath,grafanaDebugUnitTestRuntimeClasspath,grafanaReleaseCompileClasspath,grafanaReleaseLintChecksClasspath,grafanaReleaseRuntimeClasspath,upstreamDebugCompileClasspath,upstreamDebugRuntimeClasspath,upstreamReleaseCompileClasspath,upstreamReleaseLintChecksClasspath,upstreamReleaseRuntimeClasspath
io.opentelemetry.instrumentation:opentelemetry-instrumentation-bom:2.31.1=grafanaDebugAndroidTestCompileClasspath,grafanaDebugCompileClasspath,grafanaDebugLintChecksClasspath,grafanaDebugRuntimeClasspath,grafanaDebugUnitTestCompileClasspath,grafanaDebugUnitTestRuntimeClasspath,grafanaReleaseCompileClasspath,grafanaReleaseLintChecksClasspath,grafanaReleaseRuntimeClasspath,upstreamDebugCompileClasspath,upstreamDebugRuntimeClasspath,upstreamReleaseCompileClasspath,upstreamReleaseLintChecksClasspath,upstreamReleaseRuntimeClasspath
io.opentelemetry.kotlin:api-android:0.7.0=grafanaDebugLintChecksClasspath,grafanaDebugRuntimeClasspath,grafanaDebugUnitTestRuntimeClasspath,grafanaReleaseLintChecksClasspath,grafanaReleaseRuntimeClasspath,upstreamDebugRuntimeClasspath,upstreamReleaseLintChecksClasspath,upstreamReleaseRuntimeClasspath
io.opentelemetry.kotlin:api:0.7.0=grafanaDebugLintChecksClasspath,grafanaDebugRuntimeClasspath,grafanaDebugUnitTestRuntimeClasspath,grafanaReleaseLintChecksClasspath,grafanaReleaseRuntimeClasspath,upstreamDebugRuntimeClasspath,upstreamReleaseLintChecksClasspath,upstreamReleaseRuntimeClasspath
io.opentelemetry.kotlin:semconv-android:0.7.0=grafanaDebugLintChecksClasspath,grafanaDebugRuntimeClasspath,grafanaDebugUnitTestRuntimeClasspath,grafanaReleaseLintChecksClasspath,grafanaReleaseRuntimeClasspath,upstreamDebugRuntimeClasspath,upstreamReleaseLintChecksClasspath,upstreamReleaseRuntimeClasspath
io.opentelemetry.semconv:opentelemetry-semconv:1.43.0=grafanaDebugLintChecksClasspath,grafanaDebugRuntimeClasspath,grafanaDebugUnitTestRuntimeClasspath,grafanaReleaseLintChecksClasspath,grafanaReleaseRuntimeClasspath,upstreamDebugRuntimeClasspath,upstreamReleaseLintChecksClasspath,upstreamReleaseRuntimeClasspath
io.opentelemetry:opentelemetry-api-incubator:1.65.0-alpha=grafanaDebugLintChecksClasspath,grafanaDebugRuntimeClasspath,grafanaDebugUnitTestRuntimeClasspath,grafanaReleaseLintChecksClasspath,grafanaReleaseRuntimeClasspath,upstreamDebugRuntimeClasspath,upstreamReleaseLintChecksClasspath,upstreamReleaseRuntimeClasspath
io.opentelemetry:opentelemetry-api:1.65.0=grafanaDebugAndroidTestCompileClasspath,grafanaDebugCompileClasspath,grafanaDebugLintChecksClasspath,grafanaDebugRuntimeClasspath,grafanaDebugUnitTestCompileClasspath,grafanaDebugUnitTestRuntimeClasspath,grafanaReleaseCompileClasspath,grafanaReleaseLintChecksClasspath,grafanaReleaseRuntimeClasspath,upstreamDebugCompileClasspath,upstreamDebugRuntimeClasspath,upstreamReleaseCompileClasspath,upstreamReleaseLintChecksClasspath,upstreamReleaseRuntimeClasspath
io.opentelemetry:opentelemetry-bom-alpha:1.65.0-alpha=grafanaDebugAndroidTestCompileClasspath,grafanaDebugCompileClasspath,grafanaDebugLintChecksClasspath,grafanaDebugRuntimeClasspath,grafanaDebugUnitTestCompileClasspath,grafanaDebugUnitTestRuntimeClasspath,grafanaReleaseCompileClasspath,grafanaReleaseLintChecksClasspath,grafanaReleaseRuntimeClasspath,upstreamDebugCompileClasspath,upstreamDebugRuntimeClasspath,upstreamReleaseCompileClasspath,upstreamReleaseLintChecksClasspath,upstreamReleaseRuntimeClasspath
io.opentelemetry:opentelemetry-bom:1.65.0=grafanaDebugAndroidTestCompileClasspath,grafanaDebugCompileClasspath,grafanaDebugLintChecksClasspath,grafanaDebugRuntimeClasspath,grafanaDebugUnitTestCompileClasspath,grafanaDebugUnitTestRuntimeClasspath,grafanaReleaseCompileClasspath,grafanaReleaseLintChecksClasspath,grafanaReleaseRuntimeClasspath,upstreamDebugCompileClasspath,upstreamDebugRuntimeClasspath,upstreamReleaseCompileClasspath,upstreamReleaseLintChecksClasspath,upstreamReleaseRuntimeClasspath
io.opentelemetry:opentelemetry-common:1.65.0=grafanaDebugAndroidTestCompileClasspath,grafanaDebugCompileClasspath,grafanaDebugLintChecksClasspath,grafanaDebugRuntimeClasspath,grafanaDebugUnitTestCompileClasspath,grafanaDebugUnitTestRuntimeClasspath,grafanaReleaseCompileClasspath,grafanaReleaseLintChecksClasspath,grafanaReleaseRuntimeClasspath,upstreamDebugCompileClasspath,upstreamDebugRuntimeClasspath,upstreamReleaseCompileClasspath,upstreamReleaseLintChecksClasspath,upstreamReleaseRuntimeClasspath
io.opentelemetry:opentelemetry-context:1.65.0=grafanaDebugAndroidTestCompileClasspath,grafanaDebugCompileClasspath,grafanaDebugLintChecksClasspath,grafanaDebugRuntimeClasspath,grafanaDebugUnitTestCompileClasspath,grafanaDebugUnitTestRuntimeClasspath,grafanaReleaseCompileClasspath,grafanaReleaseLintChecksClasspath,grafanaReleaseRuntimeClasspath,upstreamDebugCompileClasspath,upstreamDebugRuntimeClasspath,upstreamReleaseCompileClasspath,upstreamReleaseLintChecksClasspath,upstreamReleaseRuntimeClasspath
io.opentelemetry:opentelemetry-exporter-common:1.65.0=grafanaDebugLintChecksClasspath,grafanaDebugRuntimeClasspath,grafanaDebugUnitTestRuntimeClasspath,grafanaReleaseLintChecksClasspath,grafanaReleaseRuntimeClasspath,upstreamDebugRuntimeClasspath,upstreamReleaseLintChecksClasspath,upstreamReleaseRuntimeClasspath
io.opentelemetry:opentelemetry-exporter-logging:1.65.0=grafanaDebugLintChecksClasspath,grafanaDebugRuntimeClasspath,grafanaDebugUnitTestRuntimeClasspath,grafanaReleaseLintChecksClasspath,grafanaReleaseRuntimeClasspath,upstreamDebugRuntimeClasspath,upstreamReleaseLintChecksClasspath,upstreamReleaseRuntimeClasspath
io.opentelemetry:opentelemetry-exporter-otlp-common:1.65.0=grafanaDebugLintChecksClasspath,grafanaDebugRuntimeClasspath,grafanaDebugUnitTestRuntimeClasspath,grafanaReleaseLintChecksClasspath,grafanaReleaseRuntimeClasspath,upstreamDebugRuntimeClasspath,upstreamReleaseLintChecksClasspath,upstreamReleaseRuntimeClasspath
io.opentelemetry:opentelemetry-exporter-otlp:1.65.0=grafanaDebugLintChecksClasspath,grafanaDebugRuntimeClasspath,grafanaDebugUnitTestRuntimeClasspath,grafanaReleaseLintChecksClasspath,grafanaReleaseRuntimeClasspath,upstreamDebugRuntimeClasspath,upstreamReleaseLintChecksClasspath,upstreamReleaseRuntimeClasspath
io.opentelemetry:opentelemetry-exporter-sender-okhttp:1.65.0=grafanaDebugLintChecksClasspath,grafanaDebugRuntimeClasspath,grafanaDebugUnitTestRuntimeClasspath,grafanaReleaseLintChecksClasspath,grafanaReleaseRuntimeClasspath,upstreamDebugRuntimeClasspath,upstreamReleaseLintChecksClasspath,upstreamReleaseRuntimeClasspath
io.opentelemetry:opentelemetry-sdk-common:1.65.0=grafanaDebugAndroidTestCompileClasspath,grafanaDebugCompileClasspath,grafanaDebugLintChecksClasspath,grafanaDebugRuntimeClasspath,grafanaDebugUnitTestCompileClasspath,grafanaDebugUnitTestRuntimeClasspath,grafanaReleaseCompileClasspath,grafanaReleaseLintChecksClasspath,grafanaReleaseRuntimeClasspath,upstreamDebugCompileClasspath,upstreamDebugRuntimeClasspath,upstreamReleaseCompileClasspath,upstreamReleaseLintChecksClasspath,upstreamReleaseRuntimeClasspath
io.opentelemetry:opentelemetry-sdk-logs:1.65.0=grafanaDebugAndroidTestCompileClasspath,grafanaDebugCompileClasspath,grafanaDebugLintChecksClasspath,grafanaDebugRuntimeClasspath,grafanaDebugUnitTestCompileClasspath,grafanaDebugUnitTestRuntimeClasspath,grafanaReleaseCompileClasspath,grafanaReleaseLintChecksClasspath,grafanaReleaseRuntimeClasspath,upstreamDebugCompileClasspath,upstreamDebugRuntimeClasspath,upstreamReleaseCompileClasspath,upstreamReleaseLintChecksClasspath,upstreamReleaseRuntimeClasspath
io.opentelemetry:opentelemetry-sdk-metrics:1.65.0=grafanaDebugAndroidTestCompileClasspath,grafanaDebugCompileClasspath,grafanaDebugLintChecksClasspath,grafanaDebugRuntimeClasspath,grafanaDebugUnitTestCompileClasspath,grafanaDebugUnitTestRuntimeClasspath,grafanaReleaseCompileClasspath,grafanaReleaseLintChecksClasspath,grafanaReleaseRuntimeClasspath,upstreamDebugCompileClasspath,upstreamDebugRuntimeClasspath,upstreamReleaseCompileClasspath,upstreamReleaseLintChecksClasspath,upstreamReleaseRuntimeClasspath
io.opentelemetry:opentelemetry-sdk-trace:1.65.0=grafanaDebugAndroidTestCompileClasspath,grafanaDebugCompileClasspath,grafanaDebugLintChecksClasspath,grafanaDebugRuntimeClasspath,grafanaDebugUnitTestCompileClasspath,grafanaDebugUnitTestRuntimeClasspath,grafanaReleaseCompileClasspath,grafanaReleaseLintChecksClasspath,grafanaReleaseRuntimeClasspath,upstreamDebugCompileClasspath,upstreamDebugRuntimeClasspath,upstreamReleaseCompileClasspath,upstreamReleaseLintChecksClasspath,upstreamReleaseRuntimeClasspath
io.opentelemetry:opentelemetry-sdk:1.65.0=grafanaDebugAndroidTestCompileClasspath,grafanaDebugCompileClasspath,grafanaDebugLintChecksClasspath,grafanaDebugRuntimeClasspath,grafanaDebugUnitTestCompileClasspath,grafanaDebugUnitTestRuntimeClasspath,grafanaReleaseCompileClasspath,grafanaReleaseLintChecksClasspath,grafanaReleaseRuntimeClasspath,upstreamDebugCompileClasspath,upstreamDebugRuntimeClasspath,upstreamReleaseCompileClasspath,upstreamReleaseLintChecksClasspath,upstreamReleaseRuntimeClasspath
org.jetbrains.kotlin:kotlin-build-tools-api:2.3.10=kotlinBuildToolsApiClasspath
org.jetbrains.kotlin:kotlin-build-tools-compat:2.3.10=kotlinBuildToolsApiClasspath
org.jetbrains.kotlin:kotlin-build-tools-impl:2.3.10=kotlinBuildToolsApiClasspath
org.jetbrains.kotlin:kotlin-compiler-embeddable:2.3.10=kotlinBuildToolsApiClasspath,kotlinCompilerClasspath
org.jetbrains.kotlin:kotlin-compiler-runner:2.3.10=kotlinBuildToolsApiClasspath
org.jetbrains.kotlin:kotlin-daemon-client:2.3.10=kotlinBuildToolsApiClasspath
org.jetbrains.kotlin:kotlin-daemon-embeddable:2.3.10=kotlinBuildToolsApiClasspath,kotlinCompilerClasspath
org.jetbrains.kotlin:kotlin-reflect:1.6.10=kotlinBuildToolsApiClasspath,kotlinCompilerClasspath
org.jetbrains.kotlin:kotlin-script-runtime:2.3.10=kotlinBuildToolsApiClasspath,kotlinCompilerClasspath
org.jetbrains.kotlin:kotlin-stdlib:2.3.10=kotlinBuildToolsApiClasspath,kotlinCompilerClasspath
org.jetbrains.kotlin:kotlin-stdlib:2.4.10=grafanaDebugAndroidTestCompileClasspath,grafanaDebugCompileClasspath,grafanaDebugLintChecksClasspath,grafanaDebugRuntimeClasspath,grafanaDebugUnitTestCompileClasspath,grafanaDebugUnitTestRuntimeClasspath,grafanaReleaseCompileClasspath,grafanaReleaseLintChecksClasspath,grafanaReleaseRuntimeClasspath,upstreamDebugCompileClasspath,upstreamDebugRuntimeClasspath,upstreamReleaseCompileClasspath,upstreamReleaseLintChecksClasspath,upstreamReleaseRuntimeClasspath
org.jetbrains.kotlin:kotlin-tooling-core:2.3.10=kotlinBuildToolsApiClasspath
org.jetbrains.kotlinx:kotlinx-coroutines-android:1.11.0=grafanaDebugLintChecksClasspath,grafanaDebugRuntimeClasspath,grafanaDebugUnitTestRuntimeClasspath,grafanaReleaseLintChecksClasspath,grafanaReleaseRuntimeClasspath,upstreamDebugRuntimeClasspath,upstreamReleaseLintChecksClasspath,upstreamReleaseRuntimeClasspath
org.jetbrains.kotlinx:kotlinx-coroutines-bom:1.11.0=grafanaDebugLintChecksClasspath,grafanaDebugRuntimeClasspath,grafanaDebugUnitTestRuntimeClasspath,grafanaReleaseLintChecksClasspath,grafanaReleaseRuntimeClasspath,upstreamDebugRuntimeClasspath,upstreamReleaseLintChecksClasspath,upstreamReleaseRuntimeClasspath
org.jetbrains.kotlinx:kotlinx-coroutines-core-jvm:1.11.0=grafanaDebugLintChecksClasspath,grafanaDebugRuntimeClasspath,grafanaDebugUnitTestRuntimeClasspath,grafanaReleaseLintChecksClasspath,grafanaReleaseRuntimeClasspath,upstreamDebugRuntimeClasspath,upstreamReleaseLintChecksClasspath,upstreamReleaseRuntimeClasspath
org.jetbrains.kotlinx:kotlinx-coroutines-core-jvm:1.8.0=kotlinBuildToolsApiClasspath,kotlinCompilerClasspath
org.jetbrains.kotlinx:kotlinx-coroutines-core:1.11.0=grafanaDebugLintChecksClasspath,grafanaDebugRuntimeClasspath,grafanaDebugUnitTestRuntimeClasspath,grafanaReleaseLintChecksClasspath,grafanaReleaseRuntimeClasspath,upstreamDebugRuntimeClasspath,upstreamReleaseLintChecksClasspath,upstreamReleaseRuntimeClasspath
org.jetbrains.kotlinx:kotlinx-serialization-bom:1.7.3=grafanaDebugLintChecksClasspath,grafanaDebugRuntimeClasspath,grafanaDebugUnitTestRuntimeClasspath,grafanaReleaseLintChecksClasspath,grafanaReleaseRuntimeClasspath,upstreamDebugRuntimeClasspath,upstreamReleaseLintChecksClasspath,upstreamReleaseRuntimeClasspath
org.jetbrains.kotlinx:kotlinx-serialization-core-jvm:1.7.3=grafanaDebugLintChecksClasspath,grafanaDebugRuntimeClasspath,grafanaDebugUnitTestRuntimeClasspath,grafanaReleaseLintChecksClasspath,grafanaReleaseRuntimeClasspath,upstreamDebugRuntimeClasspath,upstreamReleaseLintChecksClasspath,upstreamReleaseRuntimeClasspath
org.jetbrains.kotlinx:kotlinx-serialization-core:1.7.3=grafanaDebugLintChecksClasspath,grafanaDebugRuntimeClasspath,grafanaDebugUnitTestRuntimeClasspath,grafanaReleaseLintChecksClasspath,grafanaReleaseRuntimeClasspath,upstreamDebugRuntimeClasspath,upstreamReleaseLintChecksClasspath,upstreamReleaseRuntimeClasspath
org.jetbrains:annotations:13.0=grafanaDebugAndroidTestCompileClasspath,grafanaDebugCompileClasspath,grafanaDebugUnitTestCompileClasspath,grafanaReleaseCompileClasspath,kotlinBuildToolsApiClasspath,kotlinCompilerClasspath,upstreamDebugCompileClasspath,upstreamReleaseCompileClasspath
org.jetbrains:annotations:23.0.0=grafanaDebugLintChecksClasspath,grafanaDebugRuntimeClasspath,grafanaDebugUnitTestRuntimeClasspath,grafanaReleaseLintChecksClasspath,grafanaReleaseRuntimeClasspath,upstreamDebugRuntimeClasspath,upstreamReleaseLintChecksClasspath,upstreamReleaseRuntimeClasspath
org.jspecify:jspecify:1.0.0=grafanaDebugLintChecksClasspath,grafanaDebugRuntimeClasspath,grafanaDebugUnitTestRuntimeClasspath,grafanaReleaseLintChecksClasspath,grafanaReleaseRuntimeClasspath,upstreamDebugRuntimeClasspath,upstreamReleaseLintChecksClasspath,upstreamReleaseRuntimeClasspath
empty=androidApis,grafanaDebugAndroidTestRuntimeClasspath,grafanaDebugAnnotationProcessorClasspath,grafanaDebugReverseMetadataValues,grafanaReleaseAnnotationProcessorClasspath,grafanaReleaseReverseMetadataValues,kotlinCompilerPluginClasspath,lintChecks,upstreamDebugAnnotationProcessorClasspath,upstreamDebugReverseMetadataValues,upstreamReleaseAnnotationProcessorClasspath,upstreamReleaseReverseMetadataValues
